
Microsoft Visual Studio Solution File, Format Version 12.00
# Visual Studio Version 16
VisualStudioVersion = 16.0.29920.165
MinimumVisualStudioVersion = 10.0.40219.1
Project("{FAE04EC0-301F-11D3-BF4B-00C04F79EFBC}") = "RefillTerminal", "RefillTerminal\RefillTerminal.csproj", "{FD48D0EF-1539-4507-AC71-AAC10467C9BA}"
EndProject
Project("{FAE04EC0-301F-11D3-BF4B-00C04F79EFBC}") = "RefillTerminal.UseCase", "RefillTerminal.UseCase\RefillTerminal.UseCase.csproj", "{14FE6AC8-48D9-4243-ADE4-583116BF2398}"
EndProject
Global
	GlobalSection(SolutionConfigurationPlatforms) = preSolution
		Debug|Any CPU = Debug|Any CPU
		Release|Any CPU = Release|Any CPU
	EndGlobalSection
	GlobalSection(ProjectConfigurationPlatforms) = postSolution
		{FD48D0EF-1539-4507-AC71-AAC10467C9BA}.Debug|Any CPU.ActiveCfg = Debug|Any CPU
		{FD48D0EF-1539-4507-AC71-AAC10467C9BA}.Debug|Any CPU.Build.0 = Debug|Any CPU
		{FD48D0EF-1539-4507-AC71-AAC10467C9BA}.Release|Any CPU.ActiveCfg = Release|Any CPU
		{FD48D0EF-1539-4507-AC71-AAC10467C9BA}.Release|Any CPU.Build.0 = Release|Any CPU
		{14FE6AC8-48D9-4243-ADE4-583116BF2398}.Debug|Any CPU.ActiveCfg = Debug|Any CPU
		{14FE6AC8-48D9-4243-ADE4-583116BF2398}.Debug|Any CPU.Build.0 = Debug|Any CPU
		{14FE6AC8-48D9-4243-ADE4-583116BF2398}.Release|Any CPU.ActiveCfg = Release|Any CPU
		{14FE6AC8-48D9-4243-ADE4-583116BF2398}.Release|Any CPU.Build.0 = Release|Any CPU
	EndGlobalSection
	GlobalSection(SolutionProperties) = preSolution
		HideSolutionNode = FALSE
	EndGlobalSection
	GlobalSection(ExtensibilityGlobals) = postSolution
		SolutionGuid = {0E35C6B0-D91E-45D2-9214-C8BF7C58E881}
	EndGlobalSection
EndGlobal
